<Solution>
  <Folder Name="/server.tests/">
    <Project Path="server.tests/Server.Tests.csproj" />
  </Folder>
  <Folder Name="/server/">
    <Project Path="server/Server.csproj" />
  </Folder>
  <Folder Name="/shared/">
    <Project Path="shared/Shared.csproj" />
  </Folder>
  <Folder Name="/tools/" />
  <Folder Name="/tools/bot/">
    <Project Path="tools/bot/Bot.csproj" />
  </Folder>
</Solution>
